
Microsoft Visual Studio Solution File, Format Version 12.00
# Visual Studio Version 16
VisualStudioVersion = 16.0.31321.278
MinimumVisualStudioVersion = 10.0.40219.1
Project("{9A19103F-16F7-4668-BE54-9A1E7A4F7556}") = "BlazorDemo.Server", "Server\BlazorDemo.Server.csproj", "{D4172F02-661A-4A4D-8266-317A834AD066}"
EndProject
Project("{9A19103F-16F7-4668-BE54-9A1E7A4F7556}") = "BlazorDemo.Shared", "Shared\BlazorDemo.Shared.csproj", "{40E960BE-5245-4C48-9E4F-172764411B1A}"
EndProject
Project("{2150E333-8FDC-42A3-9474-1A3956D46DE8}") = "Solution Items", "Solution Items", "{CB83A8C2-ECF7-4735-84BA-D643FC168672}"
	ProjectSection(SolutionItems) = preProject
		.gitignore = .gitignore
		SQL\Add Administrator.sql = SQL\Add Administrator.sql
		README.md = README.md
	EndProjectSection
EndProject
Project("{9A19103F-16F7-4668-BE54-9A1E7A4F7556}") = "BlazorDemo.PwaClient", "BlazorDemo.PwaClient\BlazorDemo.PwaClient.csproj", "{2FB045F3-3D3D-4BB7-BEC9-ECABC2147EDA}"
EndProject
Project("{9A19103F-16F7-4668-BE54-9A1E7A4F7556}") = "BlazorDemo.AuthorizedPwaClient", "BlazorDemo.AuthorizedPwaClient\BlazorDemo.AuthorizedPwaClient.csproj", "{8DC86125-C647-40CA-A890-46415B4AEE88}"
EndProject
Project("{9A19103F-16F7-4668-BE54-9A1E7A4F7556}") = "BlazorDemo.Client", "Client\BlazorDemo.Client.csproj", "{7B03A74E-01E5-435C-B1D2-99269C12CA50}"
EndProject
Global
	GlobalSection(SolutionConfigurationPlatforms) = preSolution
		Debug|Any CPU = Debug|Any CPU
		Release|Any CPU = Release|Any CPU
	EndGlobalSection
	GlobalSection(ProjectConfigurationPlatforms) = postSolution
		{D4172F02-661A-4A4D-8266-317A834AD066}.Debug|Any CPU.ActiveCfg = Debug|Any CPU
		{D4172F02-661A-4A4D-8266-317A834AD066}.Debug|Any CPU.Build.0 = Debug|Any CPU
		{D4172F02-661A-4A4D-8266-317A834AD066}.Release|Any CPU.ActiveCfg = Release|Any CPU
		{D4172F02-661A-4A4D-8266-317A834AD066}.Release|Any CPU.Build.0 = Release|Any CPU
		{40E960BE-5245-4C48-9E4F-172764411B1A}.Debug|Any CPU.ActiveCfg = Debug|Any CPU
		{40E960BE-5245-4C48-9E4F-172764411B1A}.Debug|Any CPU.Build.0 = Debug|Any CPU
		{40E960BE-5245-4C48-9E4F-172764411B1A}.Release|Any CPU.ActiveCfg = Release|Any CPU
		{40E960BE-5245-4C48-9E4F-172764411B1A}.Release|Any CPU.Build.0 = Release|Any CPU
		{2FB045F3-3D3D-4BB7-BEC9-ECABC2147EDA}.Debug|Any CPU.ActiveCfg = Debug|Any CPU
		{2FB045F3-3D3D-4BB7-BEC9-ECABC2147EDA}.Debug|Any CPU.Build.0 = Debug|Any CPU
		{2FB045F3-3D3D-4BB7-BEC9-ECABC2147EDA}.Release|Any CPU.ActiveCfg = Release|Any CPU
		{2FB045F3-3D3D-4BB7-BEC9-ECABC2147EDA}.Release|Any CPU.Build.0 = Release|Any CPU
		{8DC86125-C647-40CA-A890-46415B4AEE88}.Debug|Any CPU.ActiveCfg = Debug|Any CPU
		{8DC86125-C647-40CA-A890-46415B4AEE88}.Debug|Any CPU.Build.0 = Debug|Any CPU
		{8DC86125-C647-40CA-A890-46415B4AEE88}.Release|Any CPU.ActiveCfg = Release|Any CPU
		{8DC86125-C647-40CA-A890-46415B4AEE88}.Release|Any CPU.Build.0 = Release|Any CPU
		{7B03A74E-01E5-435C-B1D2-99269C12CA50}.Debug|Any CPU.ActiveCfg = Debug|Any CPU
		{7B03A74E-01E5-435C-B1D2-99269C12CA50}.Debug|Any CPU.Build.0 = Debug|Any CPU
		{7B03A74E-01E5-435C-B1D2-99269C12CA50}.Release|Any CPU.ActiveCfg = Release|Any CPU
		{7B03A74E-01E5-435C-B1D2-99269C12CA50}.Release|Any CPU.Build.0 = Release|Any CPU
	EndGlobalSection
	GlobalSection(SolutionProperties) = preSolution
		HideSolutionNode = FALSE
	EndGlobalSection
	GlobalSection(ExtensibilityGlobals) = postSolution
		SolutionGuid = {A234F855-2BAD-4BE9-9D90-42EDD97C7421}
	EndGlobalSection
EndGlobal
